// !$*UTF8*$!
{
	archiveVersion = 1;
	classes = {
	};
	objectVersion = 46;
	objects = {

/* Begin PBXBuildFile section */
		C918704B1CAB5A3D000E976C /* main.m in Sources */ = {isa = PBXBuildFile; fileRef = C918704A1CAB5A3D000E976C /* main.m */; };
		C918704E1CAB5A3D000E976C /* AppDelegate.m in Sources */ = {isa = PBXBuildFile; fileRef = C918704D1CAB5A3D000E976C /* AppDelegate.m */; };
		C91870511CAB5A3D000E976C /* ViewController.m in Sources */ = {isa = PBXBuildFile; fileRef = C91870501CAB5A3D000E976C /* ViewController.m */; };
		C91870541CAB5A3D000E976C /* Main.storyboard in Resources */ = {isa = PBXBuildFile; fileRef = C91870521CAB5A3D000E976C /* Main.storyboard */; };
		C91870561CAB5A3D000E976C /* Images.xcassets in Resources */ = {isa = PBXBuildFile; fileRef = C91870551CAB5A3D000E976C /* Images.xcassets */; };
		C91870591CAB5A3D000E976C /* LaunchScreen.xib in Resources */ = {isa = PBXBuildFile; fileRef = C91870571CAB5A3D000E976C /* LaunchScreen.xib */; };
		C91870651CAB5A3D000E976C /* ExperimentTests.m in Sources */ = {isa = PBXBuildFile; fileRef = C91870641CAB5A3D000E976C /* ExperimentTests.m */; };
/* End PBXBuildFile section */

/* Begin PBXContainerItemProxy section */
		C918705F1CAB5A3D000E976C /* PBXContainerItemProxy */ = {
			isa = PBXContainerItemProxy;
			containerPortal = C918703D1CAB5A3D000E976C /* Project object */;
			proxyType = 1;
			remoteGlobalIDString = C91870441CAB5A3D000E976C;
			remoteInfo = Experiment;
		};
/* End PBXContainerItemProxy section */

/* Begin PBXFileReference section */
		C91870451CAB5A3D000E976C /* Experiment.app */ = {isa = PBXFileReference; explicitFileType = wrapper.application; includeInIndex = 0; path = Experiment.app; sourceTree = BUILT_PRODUCTS_DIR; };
		C91870491CAB5A3D000E976C /* Info.plist */ = {isa = PBXFileReference; lastKnownFileType = text.plist.xml; path = Info.plist; sourceTree = "<group>"; };
		C918704A1CAB5A3D000E976C /* main.m */ = {isa = PBXFileReference; lastKnownFileType = sourcecode.c.objc; path = main.m; sourceTree = "<group>"; };
		C918704C1CAB5A3D000E976C /* AppDelegate.h */ = {isa = PBXFileReference; lastKnownFileType = sourcecode.c.h; path = AppDelegate.h; sourceTree = "<group>"; };
		C918704D1CAB5A3D000E976C /* AppDelegate.m */ = {isa = PBXFileReference; lastKnownFileType = sourcecode.c.objc; path = AppDelegate.m; sourceTree = "<group>"; };
		C918704F1CAB5A3D000E976C /* ViewController.h */ = {isa = PBXFileReference; lastKnownFileType = sourcecode.c.h; path = ViewController.h; sourceTree = "<group>"; };
		C91870501CAB5A3D000E976C /* ViewController.m */ = {isa = PBXFileReference; lastKnownFileType = sourcecode.c.objc; path = ViewController.m; sourceTree = "<group>"; };
		C91870531CAB5A3D000E976C /* Base */ = {isa = PBXFileReference; lastKnownFileType = file.storyboard; name = Base; path = Base.lproj/Main.storyboard; sourceTree = "<group>"; };
		C91870551CAB5A3D000E976C /* Images.xcassets */ = {isa = PBXFileReference; lastKnownFileType = folder.assetcatalog; path = Images.xcassets; sourceTree = "<group>"; };
		C91870581CAB5A3D000E976C /* Base */ = {isa = PBXFileReference; lastKnownFileType = file.xib; name = Base; path = Base.lproj/LaunchScreen.xib; sourceTree = "<group>"; };
		C918705E1CAB5A3D000E976C /* ExperimentTests.xctest */ = {isa = PBXFileReference; explicitFileType = wrapper.cfbundle; includeInIndex = 0; path = ExperimentTests.xctest; sourceTree = BUILT_PRODUCTS_DIR; };
		C91870631CAB5A3D000E976C /* Info.plist */ = {isa = PBXFileReference; lastKnownFileType = text.plist.xml; path = Info.plist; sourceTree = "<group>"; };
		C91870641CAB5A3D000E976C /* ExperimentTests.m */ = {isa = PBXFileReference; lastKnownFileType = sourcecode.c.objc; path = ExperimentTests.m; sourceTree = "<group>"; };
/* End PBXFileReference section */

/* Begin PBXFrameworksBuildPhase section */
		C91870421CAB5A3D000E976C /* Frameworks */ = {
			isa = PBXFrameworksBuildPhase;
			buildActionMask = 2147483647;
			files = (
			);
			runOnlyForDeploymentPostprocessing = 0;
		};
		C918705B1CAB5A3D000E976C /* Frameworks */ = {
			isa = PBXFrameworksBuildPhase;
			buildActionMask = 2147483647;
			files = (
			);
			runOnlyForDeploymentPostprocessing = 0;
		};
/* End PBXFrameworksBuildPhase section */

/* Begin PBXGroup section */
		C918703C1CAB5A3D000E976C = {
			isa = PBXGroup;
			children = (
				C91870471CAB5A3D000E976C /* Experiment */,
				C91870611CAB5A3D000E976C /* ExperimentTests */,
				C91870461CAB5A3D000E976C /* Products */,
			);
			sourceTree = "<group>";
		};
		C91870461CAB5A3D000E976C /* Products */ = {
			isa = PBXGroup;
			children = (
				C91870451CAB5A3D000E976C /* Experiment.app */,
				C918705E1CAB5A3D000E976C /* ExperimentTests.xctest */,
			);
			name = Products;
			sourceTree = "<group>";
		};
		C91870471CAB5A3D000E976C /* Experiment */ = {
			isa = PBXGroup;
			children = (
				C918704C1CAB5A3D000E976C /* AppDelegate.h */,
				C918704D1CAB5A3D000E976C /* AppDelegate.m */,
				C918704F1CAB5A3D000E976C /* ViewController.h */,
				C91870501CAB5A3D000E976C /* ViewController.m */,
				C91870521CAB5A3D000E976C /* Main.storyboard */,
				C91870551CAB5A3D000E976C /* Images.xcassets */,
				C91870571CAB5A3D000E976C /* LaunchScreen.xib */,
				C91870481CAB5A3D000E976C /* Supporting Files */,
			);
			path = Experiment;
			sourceTree = "<group>";
		};
		C91870481CAB5A3D000E976C /* Supporting Files */ = {
			isa = PBXGroup;
			children = (
				C91870491CAB5A3D000E976C /* Info.plist */,
				C918704A1CAB5A3D000E976C /* main.m */,
			);
			name = "Supporting Files";
			sourceTree = "<group>";
		};
		C91870611CAB5A3D000E976C /* ExperimentTests */ = {
			isa = PBXGroup;
			children = (
				C91870641CAB5A3D000E976C /* ExperimentTests.m */,
				C91870621CAB5A3D000E976C /* Supporting Files */,
			);
			path = ExperimentTests;
			sourceTree = "<group>";
		};
		C91870621CAB5A3D000E976C /* Supporting Files */ = {
			isa = PBXGroup;
			children = (
				C91870631CAB5A3D000E976C /* Info.plist */,
			);
			name = "Supporting Files";
			sourceTree = "<group>";
		};
/* End PBXGroup section */

/* Begin PBXNativeTarget section */
		C91870441CAB5A3D000E976C /* Experiment */ = {
			isa = PBXNativeTarget;
			buildConfigurationList = C91870681CAB5A3D000E976C /* Build configuration list for PBXNativeTarget "Experiment" */;
			buildPhases = (
				C91870411CAB5A3D000E976C /* Sources */,
				C91870421CAB5A3D000E976C /* Frameworks */,
				C91870431CAB5A3D000E976C /* Resources */,
			);
			buildRules = (
			);
			dependencies = (
			);
			name = Experiment;
			productName = Experiment;
			productReference = C91870451CAB5A3D000E976C /* Experiment.app */;
			productType = "com.apple.product-type.application";
		};
		C918705D1CAB5A3D000E976C /* ExperimentTests */ = {
			isa = PBXNativeTarget;
			buildConfigurationList = C918706B1CAB5A3D000E976C /* Build configuration list for PBXNativeTarget "ExperimentTests" */;
			buildPhases = (
				C918705A1CAB5A3D000E976C /* Sources */,
				C918705B1CAB5A3D000E976C /* Frameworks */,
				C918705C1CAB5A3D000E976C /* Resources */,
			);
			buildRules = (
			);
			dependencies = (
				C91870601CAB5A3D000E976C /* PBXTargetDependency */,
			);
			name = ExperimentTests;
			productName = ExperimentTests;
			productReference = C918705E1CAB5A3D000E976C /* ExperimentTests.xctest */;
			productType = "com.apple.product-type.bundle.unit-test";
		};
/* End PBXNativeTarget section */

/* Begin PBXProject section */
		C918703D1CAB5A3D000E976C /* Project object */ = {
			isa = PBXProject;
			attributes = {
				LastUpgradeCheck = 0620;
				ORGANIZATIONNAME = "Allan Martinez";
				TargetAttributes = {
					C91870441CAB5A3D000E976C = {
						CreatedOnToolsVersion = 6.2;
					};
					C918705D1CAB5A3D000E976C = {
						CreatedOnToolsVersion = 6.2;
						TestTargetID = C91870441CAB5A3D000E976C;
					};
				};
			};
			buildConfigurationList = C91870401CAB5A3D000E976C /* Build configuration list for PBXProject "Experiment" */;
			compatibilityVersion = "Xcode 3.2";
			developmentRegion = English;
			hasScannedForEncodings = 0;
			knownRegions = (
				en,
				Base,
			);
			mainGroup = C918703C1CAB5A3D000E976C;
			productRefGroup = C91870461CAB5A3D000E976C /* Products */;
			projectDirPath = "";
			projectRoot = "";
			targets = (
				C91870441CAB5A3D000E976C /* Experiment */,
				C918705D1CAB5A3D000E976C /* ExperimentTests */,
			);
		};
/* End PBXProject section */

/* Begin PBXResourcesBuildPhase section */
		C91870431CAB5A3D000E976C /* Resources */ = {
			isa = PBXResourcesBuildPhase;
			buildActionMask = 2147483647;
			files = (
				C91870541CAB5A3D000E976C /* Main.storyboard in Resources */,
				C91870591CAB5A3D000E976C /* LaunchScreen.xib in Resources */,
				C91870561CAB5A3D000E976C /* Images.xcassets in Resources */,
			);
			runOnlyForDeploymentPostprocessing = 0;
		};
		C918705C1CAB5A3D000E976C /* Resources */ = {
			isa = PBXResourcesBuildPhase;
			buildActionMask = 2147483647;
			files = (
			);
			runOnlyForDeploymentPostprocessing = 0;
		};
/* End PBXResourcesBuildPhase section */

/* Begin PBXSourcesBuildPhase section */
		C91870411CAB5A3D000E976C /* Sources */ = {
			isa = PBXSourcesBuildPhase;
			buildActionMask = 2147483647;
			files = (
				C91870511CAB5A3D000E976C /* ViewController.m in Sources */,
				C918704E1CAB5A3D000E976C /* AppDelegate.m in Sources */,
				C918704B1CAB5A3D000E976C /* main.m in Sources */,
			);
			runOnlyForDeploymentPostprocessing = 0;
		};
		C918705A1CAB5A3D000E976C /* Sources */ = {
			isa = PBXSourcesBuildPhase;
			buildActionMask = 2147483647;
			files = (
				C91870651CAB5A3D000E976C /* ExperimentTests.m in Sources */,
			);
			runOnlyForDeploymentPostprocessing = 0;
		};
/* End PBXSourcesBuildPhase section */

/* Begin PBXTargetDependency section */
		C91870601CAB5A3D000E976C /* PBXTargetDependency */ = {
			isa = PBXTargetDependency;
			target = C91870441CAB5A3D000E976C /* Experiment */;
			targetProxy = C918705F1CAB5A3D000E976C /* PBXContainerItemProxy */;
		};
/* End PBXTargetDependency section */

/* Begin PBXVariantGroup section */
		C91870521CAB5A3D000E976C /* Main.storyboard */ = {
			isa = PBXVariantGroup;
			children = (
				C91870531CAB5A3D000E976C /* Base */,
			);
			name = Main.storyboard;
			sourceTree = "<group>";
		};
		C91870571CAB5A3D000E976C /* LaunchScreen.xib */ = {
			isa = PBXVariantGroup;
			children = (
				C91870581CAB5A3D000E976C /* Base */,
			);
			name = LaunchScreen.xib;
			sourceTree = "<group>";
		};
/* End PBXVariantGroup section */

/* Begin XCBuildConfiguration section */
		C91870661CAB5A3D000E976C /* Debug */ = {
			isa = XCBuildConfiguration;
			buildSettings = {
				ALWAYS_SEARCH_USER_PATHS = NO;
				CLANG_CXX_LANGUAGE_STANDARD = "gnu++0x";
				CLANG_CXX_LIBRARY = "libc++";
				CLANG_ENABLE_MODULES = YES;
				CLANG_ENABLE_OBJC_ARC = YES;
				CLANG_WARN_BOOL_CONVERSION = YES;
				CLANG_WARN_CONSTANT_CONVERSION = YES;
				CLANG_WARN_DIRECT_OBJC_ISA_USAGE = YES_ERROR;
				CLANG_WARN_EMPTY_BODY = YES;
				CLANG_WARN_ENUM_CONVERSION = YES;
				CLANG_WARN_INT_CONVERSION = YES;
				CLANG_WARN_OBJC_ROOT_CLASS = YES_ERROR;
				CLANG_WARN_UNREACHABLE_CODE = YES;
				CLANG_WARN__DUPLICATE_METHOD_MATCH = YES;
				"CODE_SIGN_IDENTITY[sdk=iphoneos*]" = "iPhone Developer";
				COPY_PHASE_STRIP = NO;
				ENABLE_STRICT_OBJC_MSGSEND = YES;
				GCC_C_LANGUAGE_STANDARD = gnu99;
				GCC_DYNAMIC_NO_PIC = NO;
				GCC_OPTIMIZATION_LEVEL = 0;
				GCC_PREPROCESSOR_DEFINITIONS = (
					"DEBUG=1",
					"$(inherited)",
				);
				GCC_SYMBOLS_PRIVATE_EXTERN = NO;
				GCC_WARN_64_TO_32_BIT_CONVERSION = YES;
				GCC_WARN_ABOUT_RETURN_TYPE = YES_ERROR;
				GCC_WARN_UNDECLARED_SELECTOR = YES;
				GCC_WARN_UNINITIALIZED_AUTOS = YES_AGGRESSIVE;
				GCC_WARN_UNUSED_FUNCTION = YES;
				GCC_WARN_UNUSED_VARIABLE = YES;
				IPHONEOS_DEPLOYMENT_TARGET = 8.2;
				MTL_ENABLE_DEBUG_INFO = YES;
				ONLY_ACTIVE_ARCH = YES;
				SDKROOT = iphoneos;
				TARGETED_DEVICE_FAMILY = "1,2";
			};
			name = Debug;
		};
		C91870671CAB5A3D000E976C /* Release */ = {
			isa = XCBuildConfiguration;
			buildSettings = {
				ALWAYS_SEARCH_USER_PATHS = NO;
				CLANG_CXX_LANGUAGE_STANDARD = "gnu++0x";
				CLANG_CXX_LIBRARY = "libc++";
				CLANG_ENABLE_MODULES = YES;
				CLANG_ENABLE_OBJC_ARC = YES;
				CLANG_WARN_BOOL_CONVERSION = YES;
				CLANG_WARN_CONSTANT_CONVERSION = YES;
				CLANG_WARN_DIRECT_OBJC_ISA_USAGE = YES_ERROR;
				CLANG_WARN_EMPTY_BODY = YES;
				CLANG_WARN_ENUM_CONVERSION = YES;
				CLANG_WARN_INT_CONVERSION = YES;
				CLANG_WARN_OBJC_ROOT_CLASS = YES_ERROR;
				CLANG_WARN_UNREACHABLE_CODE = YES;
				CLANG_WARN__DUPLICATE_METHOD_MATCH = YES;
				"CODE_SIGN_IDENTITY[sdk=iphoneos*]" = "iPhone Developer";
				COPY_PHASE_STRIP = NO;
				ENABLE_NS_ASSERTIONS = NO;
				ENABLE_STRICT_OBJC_MSGSEND = YES;
				GCC_C_LANGUAGE_STANDARD = gnu99;
				GCC_WARN_64_TO_32_BIT_CONVERSION = YES;
				GCC_WARN_ABOUT_RETURN_TYPE = YES_ERROR;
				GCC_WARN_UNDECLARED_SELECTOR = YES;
				GCC_WARN_UNINITIALIZED_AUTOS = YES_AGGRESSIVE;
				GCC_WARN_UNUSED_FUNCTION = YES;
				GCC_WARN_UNUSED_VARIABLE = YES;
				IPHONEOS_DEPLOYMENT_TARGET = 8.2;
				MTL_ENABLE_DEBUG_INFO = NO;
				SDKROOT = iphoneos;
				TARGETED_DEVICE_FAMILY = "1,2";
				VALIDATE_PRODUCT = YES;
			};
			name = Release;
		};
		C91870691CAB5A3D000E976C /* Debug */ = {
			isa = XCBuildConfiguration;
			buildSettings = {
				ASSETCATALOG_COMPILER_APPICON_NAME = AppIcon;
				INFOPLIST_FILE = Experiment/Info.plist;
				LD_RUNPATH_SEARCH_PATHS = "$(inherited) @executable_path/Frameworks";
				PRODUCT_NAME = "$(TARGET_NAME)";
			};
			name = Debug;
		};
		C918706A1CAB5A3D000E976C /* Release */ = {
			isa = XCBuildConfiguration;
			buildSettings = {
				ASSETCATALOG_COMPILER_APPICON_NAME = AppIcon;
				INFOPLIST_FILE = Experiment/Info.plist;
				LD_RUNPATH_SEARCH_PATHS = "$(inherited) @executable_path/Frameworks";
				PRODUCT_NAME = "$(TARGET_NAME)";
			};
			name = Release;
		};
		C918706C1CAB5A3D000E976C /* Debug */ = {
			isa = XCBuildConfiguration;
			buildSettings = {
				BUNDLE_LOADER = "$(TEST_HOST)";
				FRAMEWORK_SEARCH_PATHS = (
					"$(SDKROOT)/Developer/Library/Frameworks",
					"$(inherited)",
				);
				GCC_PREPROCESSOR_DEFINITIONS = (
					"DEBUG=1",
					"$(inherited)",
				);
				INFOPLIST_FILE = ExperimentTests/Info.plist;
				LD_RUNPATH_SEARCH_PATHS = "$(inherited) @executable_path/Frameworks @loader_path/Frameworks";
				PRODUCT_NAME = "$(TARGET_NAME)";
				TEST_HOST = "$(BUILT_PRODUCTS_DIR)/Experiment.app/Experiment";
			};
			name = Debug;
		};
		C918706D1CAB5A3D000E976C /* Release */ = {
			isa = XCBuildConfiguration;
			buildSettings = {
				BUNDLE_LOADER = "$(TEST_HOST)";
				FRAMEWORK_SEARCH_PATHS = (
					"$(SDKROOT)/Developer/Library/Frameworks",
					"$(inherited)",
				);
				INFOPLIST_FILE = ExperimentTests/Info.plist;
				LD_RUNPATH_SEARCH_PATHS = "$(inherited) @executable_path/Frameworks @loader_path/Frameworks";
				PRODUCT_NAME = "$(TARGET_NAME)";
				TEST_HOST = "$(BUILT_PRODUCTS_DIR)/Experiment.app/Experiment";
			};
			name = Release;
		};
/* End XCBuildConfiguration section */

/* Begin XCConfigurationList section */
		C91870401CAB5A3D000E976C /* Build configuration list for PBXProject "Experiment" */ = {
			isa = XCConfigurationList;
			buildConfigurations = (
				C91870661CAB5A3D000E976C /* Debug */,
				C91870671CAB5A3D000E976C /* Release */,
			);
			defaultConfigurationIsVisible = 0;
			defaultConfigurationName = Release;
		};
		C91870681CAB5A3D000E976C /* Build configuration list for PBXNativeTarget "Experiment" */ = {
			isa = XCConfigurationList;
			buildConfigurations = (
				C91870691CAB5A3D000E976C /* Debug */,
				C918706A1CAB5A3D000E976C /* Release */,
			);
			defaultConfigurationIsVisible = 0;
		};
		C918706B1CAB5A3D000E976C /* Build configuration list for PBXNativeTarget "ExperimentTests" */ = {
			isa = XCConfigurationList;
			buildConfigurations = (
				C918706C1CAB5A3D000E976C /* Debug */,
				C918706D1CAB5A3D000E976C /* Release */,
			);
			defaultConfigurationIsVisible = 0;
		};
/* End XCConfigurationList section */
	};
	rootObject = C918703D1CAB5A3D000E976C /* Project object */;
}
